
Microsoft Visual Studio Solution File, Format Version 12.00
# Visual Studio Version 16
VisualStudioVersion = 16.0.28803.202
MinimumVisualStudioVersion = 10.0.40219.1
Project("{FAE04EC0-301F-11D3-BF4B-00C04F79EFBC}") = "FilterWebsiteData", "FilterWebsiteData\FilterWebsiteData.csproj", "{C546AD2D-0A8B-4373-A285-D10B0D04C875}"
EndProject
Global
	GlobalSection(SolutionConfigurationPlatforms) = preSolution
		Debug|Any CPU = Debug|Any CPU
		Release|Any CPU = Release|Any CPU
	EndGlobalSection
	GlobalSection(ProjectConfigurationPlatforms) = postSolution
		{C546AD2D-0A8B-4373-A285-D10B0D04C875}.Debug|Any CPU.ActiveCfg = Debug|Any CPU
		{C546AD2D-0A8B-4373-A285-D10B0D04C875}.Debug|Any CPU.Build.0 = Debug|Any CPU
		{C546AD2D-0A8B-4373-A285-D10B0D04C875}.Release|Any CPU.ActiveCfg = Release|Any CPU
		{C546AD2D-0A8B-4373-A285-D10B0D04C875}.Release|Any CPU.Build.0 = Release|Any CPU
	EndGlobalSection
	GlobalSection(SolutionProperties) = preSolution
		HideSolutionNode = FALSE
	EndGlobalSection
	GlobalSection(ExtensibilityGlobals) = postSolution
		SolutionGuid = {0184B725-7CC9-4970-AFD8-B988726E0870}
	EndGlobalSection
EndGlobal
